// !$*UTF8*$!
{
	archiveVersion = 1;
	classes = {
	};
	objectVersion = 77;
	objects = {

/* Begin PBXContainerItemProxy section */
		DA8D594C2FB13C5800580C45 /* PBXContainerItemProxy */ = {
			isa = PBXContainerItemProxy;
			containerPortal = DA8D59342FB13C5600580C45 /* Project object */;
			proxyType = 1;
			remoteGlobalIDString = DA8D593B2FB13C5700580C45;
			remoteInfo = StoreKitFlowDemo;
		};
		DA8D59562FB13C5800580C45 /* PBXContainerItemProxy */ = {
			isa = PBXContainerItemProxy;
			containerPortal = DA8D59342FB13C5600580C45 /* Project object */;
			proxyType = 1;
			remoteGlobalIDString = DA8D593B2FB13C5700580C45;
			remoteInfo = StoreKitFlowDemo;
		};
/* End PBXContainerItemProxy section */

/* Begin PBXFileReference section */
		DA8D593C2FB13C5700580C45 /* StoreKitFlowDemo.app */ = {isa = PBXFileReference; explicitFileType = wrapper.application; includeInIndex = 0; path = StoreKitFlowDemo.app; sourceTree = BUILT_PRODUCTS_DIR; };
		DA8D594B2FB13C5800580C45 /* StoreKitFlowDemoTests.xctest */ = {isa = PBXFileReference; explicitFileType = wrapper.cfbundle; includeInIndex = 0; path = StoreKitFlowDemoTests.xctest; sourceTree = BUILT_PRODUCTS_DIR; };
		DA8D59552FB13C5800580C45 /* StoreKitFlowDemoUITests.xctest */ = {isa = PBXFileReference; explicitFileType = wrapper.cfbundle; includeInIndex = 0; path = StoreKitFlowDemoUITests.xctest; sourceTree = BUILT_PRODUCTS_DIR; };
/* End PBXFileReference section */

/* Begin PBXFileSystemSynchronizedRootGroup section */
		DA8D593E2FB13C5700580C45 /* StoreKitFlowDemo */ = {
			isa = PBXFileSystemSynchronizedRootGroup;
			path = StoreKitFlowDemo;
			sourceTree = "<group>";
		};
		DA8D594E2FB13C5800580C45 /* StoreKitFlowDemoTests */ = {
			isa = PBXFileSystemSynchronizedRootGroup;
			path = StoreKitFlowDemoTests;
			sourceTree = "<group>";
		};
		DA8D59582FB13C5800580C45 /* StoreKitFlowDemoUITests */ = {
			isa = PBXFileSystemSynchronizedRootGroup;
			path = StoreKitFlowDemoUITests;
			sourceTree = "<group>";
		};
/* End PBXFileSystemSynchronizedRootGroup section */

/* Begin PBXFrameworksBuildPhase section */
		DA8D59392FB13C5700580C45 /* Frameworks */ = {
			isa = PBXFrameworksBuildPhase;
			buildActionMask = 2147483647;
			files = (
			);
			runOnlyForDeploymentPostprocessing = 0;
		};
		DA8D59482FB13C5800580C45 /* Frameworks */ = {
			isa = PBXFrameworksBuildPhase;
			buildActionMask = 2147483647;
			files = (
			);
			runOnlyForDeploymentPostprocessing = 0;
		};
		DA8D59522FB13C5800580C45 /* Frameworks */ = {
			isa = PBXFrameworksBuildPhase;
			buildActionMask = 2147483647;
			files = (
			);
			runOnlyForDeploymentPostprocessing = 0;
		};
/* End PBXFrameworksBuildPhase section */

/* Begin PBXGroup section */
		DA8D59332FB13C5600580C45 = {
			isa = PBXGroup;
			children = (
				DA8D593E2FB13C5700580C45 /* StoreKitFlowDemo */,
				DA8D594E2FB13C5800580C45 /* StoreKitFlowDemoTests */,
				DA8D59582FB13C5800580C45 /* StoreKitFlowDemoUITests */,
				DA8D593D2FB13C5700580C45 /* Products */,
			);
			sourceTree = "<group>";
		};
		DA8D593D2FB13C5700580C45 /* Products */ = {
			isa = PBXGroup;
			children = (
				DA8D593C2FB13C5700580C45 /* StoreKitFlowDemo.app */,
				DA8D594B2FB13C5800580C45 /* StoreKitFlowDemoTests.xctest */,
				DA8D59552FB13C5800580C45 /* StoreKitFlowDemoUITests.xctest */,
			);
			name = Products;
			sourceTree = "<group>";
		};
/* End PBXGroup section */

/* Begin PBXNativeTarget section */
		DA8D593B2FB13C5700580C45 /* StoreKitFlowDemo */ = {
			isa = PBXNativeTarget;
			buildConfigurationList = DA8D595F2FB13C5800580C45 /* Build configuration list for PBXNativeTarget "StoreKitFlowDemo" */;
			buildPhases = (
				DA8D59382FB13C5700580C45 /* Sources */,
				DA8D59392FB13C5700580C45 /* Frameworks */,
				DA8D593A2FB13C5700580C45 /* Resources */,
			);
			buildRules = (
			);
			dependencies = (
			);
			fileSystemSynchronizedGroups = (
				DA8D593E2FB13C5700580C45 /* StoreKitFlowDemo */,
			);
			name = StoreKitFlowDemo;
			packageProductDependencies = (
			);
			productName = StoreKitFlowDemo;
			productReference = DA8D593C2FB13C5700580C45 /* StoreKitFlowDemo.app */;
			productType = "com.apple.product-type.application";
		};
		DA8D594A2FB13C5800580C45 /* StoreKitFlowDemoTests */ = {
			isa = PBXNativeTarget;
			buildConfigurationList = DA8D59622FB13C5800580C45 /* Build configuration list for PBXNativeTarget "StoreKitFlowDemoTests" */;
			buildPhases = (
				DA8D59472FB13C5800580C45 /* Sources */,
				DA8D59482FB13C5800580C45 /* Frameworks */,
				DA8D59492FB13C5800580C45 /* Resources */,
			);
			buildRules = (
			);
			dependencies = (
				DA8D594D2FB13C5800580C45 /* PBXTargetDependency */,
			);
			fileSystemSynchronizedGroups = (
				DA8D594E2FB13C5800580C45 /* StoreKitFlowDemoTests */,
			);
			name = StoreKitFlowDemoTests;
			packageProductDependencies = (
			);
			productName = StoreKitFlowDemoTests;
			productReference = DA8D594B2FB13C5800580C45 /* StoreKitFlowDemoTests.xctest */;
			productType = "com.apple.product-type.bundle.unit-test";
		};
		DA8D59542FB13C5800580C45 /* StoreKitFlowDemoUITests */ = {
			isa = PBXNativeTarget;
			buildConfigurationList = DA8D59652FB13C5800580C45 /* Build configuration list for PBXNativeTarget "StoreKitFlowDemoUITests" */;
			buildPhases = (
				DA8D59512FB13C5800580C45 /* Sources */,
				DA8D59522FB13C5800580C45 /* Frameworks */,
				DA8D59532FB13C5800580C45 /* Resources */,
			);
			buildRules = (
			);
			dependencies = (
				DA8D59572FB13C5800580C45 /* PBXTargetDependency */,
			);
			fileSystemSynchronizedGroups = (
				DA8D59582FB13C5800580C45 /* StoreKitFlowDemoUITests */,
			);
			name = StoreKitFlowDemoUITests;
			packageProductDependencies = (
			);
			productName = StoreKitFlowDemoUITests;
			productReference = DA8D59552FB13C5800580C45 /* StoreKitFlowDemoUITests.xctest */;
			productType = "com.apple.product-type.bundle.ui-testing";
		};
/* End PBXNativeTarget section */

/* Begin PBXProject section */
		DA8D59342FB13C5600580C45 /* Project object */ = {
			isa = PBXProject;
			attributes = {
				BuildIndependentTargetsInParallel = 1;
				LastSwiftUpdateCheck = 2610;
				LastUpgradeCheck = 2610;
				TargetAttributes = {
					DA8D593B2FB13C5700580C45 = {
						CreatedOnToolsVersion = 26.1.1;
					};
					DA8D594A2FB13C5800580C45 = {
						CreatedOnToolsVersion = 26.1.1;
						TestTargetID = DA8D593B2FB13C5700580C45;
					};
					DA8D59542FB13C5800580C45 = {
						CreatedOnToolsVersion = 26.1.1;
						TestTargetID = DA8D593B2FB13C5700580C45;
					};
				};
			};
			buildConfigurationList = DA8D59372FB13C5600580C45 /* Build configuration list for PBXProject "StoreKitFlowDemo" */;
			developmentRegion = en;
			hasScannedForEncodings = 0;
			knownRegions = (
				en,
				Base,
			);
			mainGroup = DA8D59332FB13C5600580C45;
			minimizedProjectReferenceProxies = 1;
			packageReferences = (
				DA8D59682FB13C9000580C45 /* XCLocalSwiftPackageReference "../../../StoreKitFlow" */,
			);
			preferredProjectObjectVersion = 77;
			productRefGroup = DA8D593D2FB13C5700580C45 /* Products */;
			projectDirPath = "";
			projectRoot = "";
			targets = (
				DA8D593B2FB13C5700580C45 /* StoreKitFlowDemo */,
				DA8D594A2FB13C5800580C45 /* StoreKitFlowDemoTests */,
				DA8D59542FB13C5800580C45 /* StoreKitFlowDemoUITests */,
			);
		};
/* End PBXProject section */

/* Begin PBXResourcesBuildPhase section */
		DA8D593A2FB13C5700580C45 /* Resources */ = {
			isa = PBXResourcesBuildPhase;
			buildActionMask = 2147483647;
			files = (
			);
			runOnlyForDeploymentPostprocessing = 0;
		};
		DA8D59492FB13C5800580C45 /* Resources */ = {
			isa = PBXResourcesBuildPhase;
			buildActionMask = 2147483647;
			files = (
			);
			runOnlyForDeploymentPostprocessing = 0;
		};
		DA8D59532FB13C5800580C45 /* Resources */ = {
			isa = PBXResourcesBuildPhase;
			buildActionMask = 2147483647;
			files = (
			);
			runOnlyForDeploymentPostprocessing = 0;
		};
/* End PBXResourcesBuildPhase section */

/* Begin PBXSourcesBuildPhase section */
		DA8D59382FB13C5700580C45 /* Sources */ = {
			isa = PBXSourcesBuildPhase;
			buildActionMask = 2147483647;
			files = (
			);
			runOnlyForDeploymentPostprocessing = 0;
		};
		DA8D59472FB13C5800580C45 /* Sources */ = {
			isa = PBXSourcesBuildPhase;
			buildActionMask = 2147483647;
			files = (
			);
			runOnlyForDeploymentPostprocessing = 0;
		};
		DA8D59512FB13C5800580C45 /* Sources */ = {
			isa = PBXSourcesBuildPhase;
			buildActionMask = 2147483647;
			files = (
			);
			runOnlyForDeploymentPostprocessing = 0;
		};
/* End PBXSourcesBuildPhase section */

/* Begin PBXTargetDependency section */
		DA8D594D2FB13C5800580C45 /* PBXTargetDependency */ = {
			isa = PBXTargetDependency;
			target = DA8D593B2FB13C5700580C45 /* StoreKitFlowDemo */;
			targetProxy = DA8D594C2FB13C5800580C45 /* PBXContainerItemProxy */;
		};
		DA8D59572FB13C5800580C45 /* PBXTargetDependency */ = {
			isa = PBXTargetDependency;
			target = DA8D593B2FB13C5700580C45 /* StoreKitFlowDemo */;
			targetProxy = DA8D59562FB13C5800580C45 /* PBXContainerItemProxy */;
		};
/* End PBXTargetDependency section */

/* Begin XCBuildConfiguration section */
		DA8D595D2FB13C5800580C45 /* Debug */ = {
			isa = XCBuildConfiguration;
			buildSettings = {
				ALWAYS_SEARCH_USER_PATHS = NO;
				ASSETCATALOG_COMPILER_GENERATE_SWIFT_ASSET_SYMBOL_EXTENSIONS = YES;
				CLANG_ANALYZER_NONNULL = YES;
				CLANG_ANALYZER_NUMBER_OBJECT_CONVERSION = YES_AGGRESSIVE;
				CLANG_CXX_LANGUAGE_STANDARD = "gnu++20";
				CLANG_ENABLE_MODULES = YES;
				CLANG_ENABLE_OBJC_ARC = YES;
				CLANG_ENABLE_OBJC_WEAK = YES;
				CLANG_WARN_BLOCK_CAPTURE_AUTORELEASING = YES;
				CLANG_WARN_BOOL_CONVERSION = YES;
				CLANG_WARN_COMMA = YES;
				CLANG_WARN_CONSTANT_CONVERSION = YES;
				CLANG_WARN_DEPRECATED_OBJC_IMPLEMENTATIONS = YES;
				CLANG_WARN_DIRECT_OBJC_ISA_USAGE = YES_ERROR;
				CLANG_WARN_DOCUMENTATION_COMMENTS = YES;
				CLANG_WARN_EMPTY_BODY = YES;
				CLANG_WARN_ENUM_CONVERSION = YES;
				CLANG_WARN_INFINITE_RECURSION = YES;
				CLANG_WARN_INT_CONVERSION = YES;
				CLANG_WARN_NON_LITERAL_NULL_CONVERSION = YES;
				CLANG_WARN_OBJC_IMPLICIT_RETAIN_SELF = YES;
				CLANG_WARN_OBJC_LITERAL_CONVERSION = YES;
				CLANG_WARN_OBJC_ROOT_CLASS = YES_ERROR;
				CLANG_WARN_QUOTED_INCLUDE_IN_FRAMEWORK_HEADER = YES;
				CLANG_WARN_RANGE_LOOP_ANALYSIS = YES;
				CLANG_WARN_STRICT_PROTOTYPES = YES;
				CLANG_WARN_SUSPICIOUS_MOVE = YES;
				CLANG_WARN_UNGUARDED_AVAILABILITY = YES_AGGRESSIVE;
				CLANG_WARN_UNREACHABLE_CODE = YES;
				CLANG_WARN__DUPLICATE_METHOD_MATCH = YES;
				COPY_PHASE_STRIP = NO;
				DEBUG_INFORMATION_FORMAT = dwarf;
				DEVELOPMENT_TEAM = 5UZJU8ATXS;
				ENABLE_STRICT_OBJC_MSGSEND = YES;
				ENABLE_TESTABILITY = YES;
				ENABLE_USER_SCRIPT_SANDBOXING = YES;
				GCC_C_LANGUAGE_STANDARD = gnu17;
				GCC_DYNAMIC_NO_PIC = NO;
				GCC_NO_COMMON_BLOCKS = YES;
				GCC_OPTIMIZATION_LEVEL = 0;
				GCC_PREPROCESSOR_DEFINITIONS = (
					"DEBUG=1",
					"$(inherited)",
				);
				GCC_WARN_64_TO_32_BIT_CONVERSION = YES;
				GCC_WARN_ABOUT_RETURN_TYPE = YES_ERROR;
				GCC_WARN_UNDECLARED_SELECTOR = YES;
				GCC_WARN_UNINITIALIZED_AUTOS = YES_AGGRESSIVE;
				GCC_WARN_UNUSED_FUNCTION = YES;
				GCC_WARN_UNUSED_VARIABLE = YES;
				IPHONEOS_DEPLOYMENT_TARGET = 26.1;
				LOCALIZATION_PREFERS_STRING_CATALOGS = YES;
				MTL_ENABLE_DEBUG_INFO = INCLUDE_SOURCE;
				MTL_FAST_MATH = YES;
				ONLY_ACTIVE_ARCH = YES;
				SDKROOT = iphoneos;
				SWIFT_ACTIVE_COMPILATION_CONDITIONS = "DEBUG $(inherited)";
				SWIFT_OPTIMIZATION_LEVEL = "-Onone";
			};
			name = Debug;
		};
		DA8D595E2FB13C5800580C45 /* Release */ = {
			isa = XCBuildConfiguration;
			buildSettings = {
				ALWAYS_SEARCH_USER_PATHS = NO;
				ASSETCATALOG_COMPILER_GENERATE_SWIFT_ASSET_SYMBOL_EXTENSIONS = YES;
				CLANG_ANALYZER_NONNULL = YES;
				CLANG_ANALYZER_NUMBER_OBJECT_CONVERSION = YES_AGGRESSIVE;
				CLANG_CXX_LANGUAGE_STANDARD = "gnu++20";
				CLANG_ENABLE_MODULES = YES;
				CLANG_ENABLE_OBJC_ARC = YES;
				CLANG_ENABLE_OBJC_WEAK = YES;
				CLANG_WARN_BLOCK_CAPTURE_AUTORELEASING = YES;
				CLANG_WARN_BOOL_CONVERSION = YES;
				CLANG_WARN_COMMA = YES;
				CLANG_WARN_CONSTANT_CONVERSION = YES;
				CLANG_WARN_DEPRECATED_OBJC_IMPLEMENTATIONS = YES;
				CLANG_WARN_DIRECT_OBJC_ISA_USAGE = YES_ERROR;
				CLANG_WARN_DOCUMENTATION_COMMENTS = YES;
				CLANG_WARN_EMPTY_BODY = YES;
				CLANG_WARN_ENUM_CONVERSION = YES;
				CLANG_WARN_INFINITE_RECURSION = YES;
				CLANG_WARN_INT_CONVERSION = YES;
				CLANG_WARN_NON_LITERAL_NULL_CONVERSION = YES;
				CLANG_WARN_OBJC_IMPLICIT_RETAIN_SELF = YES;
				CLANG_WARN_OBJC_LITERAL_CONVERSION = YES;
				CLANG_WARN_OBJC_ROOT_CLASS = YES_ERROR;
				CLANG_WARN_QUOTED_INCLUDE_IN_FRAMEWORK_HEADER = YES;
				CLANG_WARN_RANGE_LOOP_ANALYSIS = YES;
				CLANG_WARN_STRICT_PROTOTYPES = YES;
				CLANG_WARN_SUSPICIOUS_MOVE = YES;
				CLANG_WARN_UNGUARDED_AVAILABILITY = YES_AGGRESSIVE;
				CLANG_WARN_UNREACHABLE_CODE = YES;
				CLANG_WARN__DUPLICATE_METHOD_MATCH = YES;
				COPY_PHASE_STRIP = NO;
				DEBUG_INFORMATION_FORMAT = "dwarf-with-dsym";
				DEVELOPMENT_TEAM = 5UZJU8ATXS;
				ENABLE_NS_ASSERTIONS = NO;
				ENABLE_STRICT_OBJC_MSGSEND = YES;
				ENABLE_USER_SCRIPT_SANDBOXING = YES;
				GCC_C_LANGUAGE_STANDARD = gnu17;
				GCC_NO_COMMON_BLOCKS = YES;
				GCC_WARN_64_TO_32_BIT_CONVERSION = YES;
				GCC_WARN_ABOUT_RETURN_TYPE = YES_ERROR;
				GCC_WARN_UNDECLARED_SELECTOR = YES;
				GCC_WARN_UNINITIALIZED_AUTOS = YES_AGGRESSIVE;
				GCC_WARN_UNUSED_FUNCTION = YES;
				GCC_WARN_UNUSED_VARIABLE = YES;
				IPHONEOS_DEPLOYMENT_TARGET = 26.1;
				LOCALIZATION_PREFERS_STRING_CATALOGS = YES;
				MTL_ENABLE_DEBUG_INFO = NO;
				MTL_FAST_MATH = YES;
				SDKROOT = iphoneos;
				SWIFT_COMPILATION_MODE = wholemodule;
				VALIDATE_PRODUCT = YES;
			};
			name = Release;
		};
		DA8D59602FB13C5800580C45 /* Debug */ = {
			isa = XCBuildConfiguration;
			buildSettings = {
				ASSETCATALOG_COMPILER_APPICON_NAME = AppIcon;
				ASSETCATALOG_COMPILER_GLOBAL_ACCENT_COLOR_NAME = AccentColor;
				CODE_SIGN_STYLE = Automatic;
				CURRENT_PROJECT_VERSION = 1;
				DEVELOPMENT_TEAM = 5UZJU8ATXS;
				ENABLE_PREVIEWS = YES;
				GENERATE_INFOPLIST_FILE = YES;
				INFOPLIST_KEY_UIApplicationSceneManifest_Generation = YES;
				INFOPLIST_KEY_UIApplicationSupportsIndirectInputEvents = YES;
				INFOPLIST_KEY_UILaunchScreen_Generation = YES;
				INFOPLIST_KEY_UISupportedInterfaceOrientations_iPad = "UIInterfaceOrientationPortrait UIInterfaceOrientationPortraitUpsideDown UIInterfaceOrientationLandscapeLeft UIInterfaceOrientationLandscapeRight";
				INFOPLIST_KEY_UISupportedInterfaceOrientations_iPhone = "UIInterfaceOrientationPortrait UIInterfaceOrientationLandscapeLeft UIInterfaceOrientationLandscapeRight";
				LD_RUNPATH_SEARCH_PATHS = (
					"$(inherited)",
					"@executable_path/Frameworks",
				);
				MARKETING_VERSION = 1.0;
				PRODUCT_BUNDLE_IDENTIFIER = com.namaswi.storekitflow.demo.StoreKitFlowDemo;
				PRODUCT_NAME = "$(TARGET_NAME)";
				STRING_CATALOG_GENERATE_SYMBOLS = YES;
				SWIFT_APPROACHABLE_CONCURRENCY = YES;
				SWIFT_DEFAULT_ACTOR_ISOLATION = MainActor;
				SWIFT_EMIT_LOC_STRINGS = YES;
				SWIFT_UPCOMING_FEATURE_MEMBER_IMPORT_VISIBILITY = YES;
				SWIFT_VERSION = 5.0;
				TARGETED_DEVICE_FAMILY = "1,2";
			};
			name = Debug;
		};
		DA8D59612FB13C5800580C45 /* Release */ = {
			isa = XCBuildConfiguration;
			buildSettings = {
				ASSETCATALOG_COMPILER_APPICON_NAME = AppIcon;
				ASSETCATALOG_COMPILER_GLOBAL_ACCENT_COLOR_NAME = AccentColor;
				CODE_SIGN_STYLE = Automatic;
				CURRENT_PROJECT_VERSION = 1;
				DEVELOPMENT_TEAM = 5UZJU8ATXS;
				ENABLE_PREVIEWS = YES;
				GENERATE_INFOPLIST_FILE = YES;
				INFOPLIST_KEY_UIApplicationSceneManifest_Generation = YES;
				INFOPLIST_KEY_UIApplicationSupportsIndirectInputEvents = YES;
				INFOPLIST_KEY_UILaunchScreen_Generation = YES;
				INFOPLIST_KEY_UISupportedInterfaceOrientations_iPad = "UIInterfaceOrientationPortrait UIInterfaceOrientationPortraitUpsideDown UIInterfaceOrientationLandscapeLeft UIInterfaceOrientationLandscapeRight";
				INFOPLIST_KEY_UISupportedInterfaceOrientations_iPhone = "UIInterfaceOrientationPortrait UIInterfaceOrientationLandscapeLeft UIInterfaceOrientationLandscapeRight";
				LD_RUNPATH_SEARCH_PATHS = (
					"$(inherited)",
					"@executable_path/Frameworks",
				);
				MARKETING_VERSION = 1.0;
				PRODUCT_BUNDLE_IDENTIFIER = com.namaswi.storekitflow.demo.StoreKitFlowDemo;
				PRODUCT_NAME = "$(TARGET_NAME)";
				STRING_CATALOG_GENERATE_SYMBOLS = YES;
				SWIFT_APPROACHABLE_CONCURRENCY = YES;
				SWIFT_DEFAULT_ACTOR_ISOLATION = MainActor;
				SWIFT_EMIT_LOC_STRINGS = YES;
				SWIFT_UPCOMING_FEATURE_MEMBER_IMPORT_VISIBILITY = YES;
				SWIFT_VERSION = 5.0;
				TARGETED_DEVICE_FAMILY = "1,2";
			};
			name = Release;
		};
		DA8D59632FB13C5800580C45 /* Debug */ = {
			isa = XCBuildConfiguration;
			buildSettings = {
				BUNDLE_LOADER = "$(TEST_HOST)";
				CODE_SIGN_STYLE = Automatic;
				CURRENT_PROJECT_VERSION = 1;
				DEVELOPMENT_TEAM = 5UZJU8ATXS;
				GENERATE_INFOPLIST_FILE = YES;
				IPHONEOS_DEPLOYMENT_TARGET = 26.1;
				MARKETING_VERSION = 1.0;
				PRODUCT_BUNDLE_IDENTIFIER = com.namaswi.storekitflow.demo.StoreKitFlowDemoTests;
				PRODUCT_NAME = "$(TARGET_NAME)";
				STRING_CATALOG_GENERATE_SYMBOLS = NO;
				SWIFT_APPROACHABLE_CONCURRENCY = YES;
				SWIFT_EMIT_LOC_STRINGS = NO;
				SWIFT_UPCOMING_FEATURE_MEMBER_IMPORT_VISIBILITY = YES;
				SWIFT_VERSION = 5.0;
				TARGETED_DEVICE_FAMILY = "1,2";
				TEST_HOST = "$(BUILT_PRODUCTS_DIR)/StoreKitFlowDemo.app/$(BUNDLE_EXECUTABLE_FOLDER_PATH)/StoreKitFlowDemo";
			};
			name = Debug;
		};
		DA8D59642FB13C5800580C45 /* Release */ = {
			isa = XCBuildConfiguration;
			buildSettings = {
				BUNDLE_LOADER = "$(TEST_HOST)";
				CODE_SIGN_STYLE = Automatic;
				CURRENT_PROJECT_VERSION = 1;
				DEVELOPMENT_TEAM = 5UZJU8ATXS;
				GENERATE_INFOPLIST_FILE = YES;
				IPHONEOS_DEPLOYMENT_TARGET = 26.1;
				MARKETING_VERSION = 1.0;
				PRODUCT_BUNDLE_IDENTIFIER = com.namaswi.storekitflow.demo.StoreKitFlowDemoTests;
				PRODUCT_NAME = "$(TARGET_NAME)";
				STRING_CATALOG_GENERATE_SYMBOLS = NO;
				SWIFT_APPROACHABLE_CONCURRENCY = YES;
				SWIFT_EMIT_LOC_STRINGS = NO;
				SWIFT_UPCOMING_FEATURE_MEMBER_IMPORT_VISIBILITY = YES;
				SWIFT_VERSION = 5.0;
				TARGETED_DEVICE_FAMILY = "1,2";
				TEST_HOST = "$(BUILT_PRODUCTS_DIR)/StoreKitFlowDemo.app/$(BUNDLE_EXECUTABLE_FOLDER_PATH)/StoreKitFlowDemo";
			};
			name = Release;
		};
		DA8D59662FB13C5800580C45 /* Debug */ = {
			isa = XCBuildConfiguration;
			buildSettings = {
				CODE_SIGN_STYLE = Automatic;
				CURRENT_PROJECT_VERSION = 1;
				DEVELOPMENT_TEAM = 5UZJU8ATXS;
				GENERATE_INFOPLIST_FILE = YES;
				MARKETING_VERSION = 1.0;
				PRODUCT_BUNDLE_IDENTIFIER = com.namaswi.storekitflow.demo.StoreKitFlowDemoUITests;
				PRODUCT_NAME = "$(TARGET_NAME)";
				STRING_CATALOG_GENERATE_SYMBOLS = NO;
				SWIFT_APPROACHABLE_CONCURRENCY = YES;
				SWIFT_EMIT_LOC_STRINGS = NO;
				SWIFT_UPCOMING_FEATURE_MEMBER_IMPORT_VISIBILITY = YES;
				SWIFT_VERSION = 5.0;
				TARGETED_DEVICE_FAMILY = "1,2";
				TEST_TARGET_NAME = StoreKitFlowDemo;
			};
			name = Debug;
		};
		DA8D59672FB13C5800580C45 /* Release */ = {
			isa = XCBuildConfiguration;
			buildSettings = {
				CODE_SIGN_STYLE = Automatic;
				CURRENT_PROJECT_VERSION = 1;
				DEVELOPMENT_TEAM = 5UZJU8ATXS;
				GENERATE_INFOPLIST_FILE = YES;
				MARKETING_VERSION = 1.0;
				PRODUCT_BUNDLE_IDENTIFIER = com.namaswi.storekitflow.demo.StoreKitFlowDemoUITests;
				PRODUCT_NAME = "$(TARGET_NAME)";
				STRING_CATALOG_GENERATE_SYMBOLS = NO;
				SWIFT_APPROACHABLE_CONCURRENCY = YES;
				SWIFT_EMIT_LOC_STRINGS = NO;
				SWIFT_UPCOMING_FEATURE_MEMBER_IMPORT_VISIBILITY = YES;
				SWIFT_VERSION = 5.0;
				TARGETED_DEVICE_FAMILY = "1,2";
				TEST_TARGET_NAME = StoreKitFlowDemo;
			};
			name = Release;
		};
/* End XCBuildConfiguration section */

/* Begin XCConfigurationList section */
		DA8D59372FB13C5600580C45 /* Build configuration list for PBXProject "StoreKitFlowDemo" */ = {
			isa = XCConfigurationList;
			buildConfigurations = (
				DA8D595D2FB13C5800580C45 /* Debug */,
				DA8D595E2FB13C5800580C45 /* Release */,
			);
			defaultConfigurationIsVisible = 0;
			defaultConfigurationName = Release;
		};
		DA8D595F2FB13C5800580C45 /* Build configuration list for PBXNativeTarget "StoreKitFlowDemo" */ = {
			isa = XCConfigurationList;
			buildConfigurations = (
				DA8D59602FB13C5800580C45 /* Debug */,
				DA8D59612FB13C5800580C45 /* Release */,
			);
			defaultConfigurationIsVisible = 0;
			defaultConfigurationName = Release;
		};
		DA8D59622FB13C5800580C45 /* Build configuration list for PBXNativeTarget "StoreKitFlowDemoTests" */ = {
			isa = XCConfigurationList;
			buildConfigurations = (
				DA8D59632FB13C5800580C45 /* Debug */,
				DA8D59642FB13C5800580C45 /* Release */,
			);
			defaultConfigurationIsVisible = 0;
			defaultConfigurationName = Release;
		};
		DA8D59652FB13C5800580C45 /* Build configuration list for PBXNativeTarget "StoreKitFlowDemoUITests" */ = {
			isa = XCConfigurationList;
			buildConfigurations = (
				DA8D59662FB13C5800580C45 /* Debug */,
				DA8D59672FB13C5800580C45 /* Release */,
			);
			defaultConfigurationIsVisible = 0;
			defaultConfigurationName = Release;
		};
/* End XCConfigurationList section */

/* Begin XCLocalSwiftPackageReference section */
		DA8D59682FB13C9000580C45 /* XCLocalSwiftPackageReference "../../../StoreKitFlow" */ = {
			isa = XCLocalSwiftPackageReference;
			relativePath = ../../../StoreKitFlow;
		};
/* End XCLocalSwiftPackageReference section */
	};
	rootObject = DA8D59342FB13C5600580C45 /* Project object */;
}
